
Microsoft Visual Studio Solution File, Format Version 12.00
# Visual Studio 15
VisualStudioVersion = 15.0.28307.136
MinimumVisualStudioVersion = 10.0.40219.1
Project("{FAE04EC0-301F-11D3-BF4B-00C04F79EFBC}") = "Resources", "Resources\Resources.csproj", "{C2F733FE-DA9E-4E97-BD66-5DD2B657E35E}"
EndProject
Project("{FAE04EC0-301F-11D3-BF4B-00C04F79EFBC}") = "Interest Calculator", "Interest Calculator\Interest Calculator.csproj", "{73F0710E-4C97-4464-A9A2-63C1BD188A7F}"
EndProject
Project("{54435603-DBB4-11D2-8724-00A0C9A8B90C}") = "Interest Calculator Installer", "Interest Calculator Installer\Interest Calculator Installer.vdproj", "{3495FBA2-556C-4A74-8FAF-AD3DE60C8C47}"
EndProject
Project("{FAE04EC0-301F-11D3-BF4B-00C04F79EFBC}") = "Interest Calculator Tests", "Interest Calculator Tests\Interest Calculator Tests.csproj", "{067456C0-086C-46A8-B37F-1405717B7BFC}"
EndProject
Global
	GlobalSection(SolutionConfigurationPlatforms) = preSolution
		Debug|Any CPU = Debug|Any CPU
		Release|Any CPU = Release|Any CPU
	EndGlobalSection
	GlobalSection(ProjectConfigurationPlatforms) = postSolution
		{C2F733FE-DA9E-4E97-BD66-5DD2B657E35E}.Debug|Any CPU.ActiveCfg = Debug|Any CPU
		{C2F733FE-DA9E-4E97-BD66-5DD2B657E35E}.Debug|Any CPU.Build.0 = Debug|Any CPU
		{C2F733FE-DA9E-4E97-BD66-5DD2B657E35E}.Release|Any CPU.ActiveCfg = Release|Any CPU
		{C2F733FE-DA9E-4E97-BD66-5DD2B657E35E}.Release|Any CPU.Build.0 = Release|Any CPU
		{73F0710E-4C97-4464-A9A2-63C1BD188A7F}.Debug|Any CPU.ActiveCfg = Debug|Any CPU
		{73F0710E-4C97-4464-A9A2-63C1BD188A7F}.Debug|Any CPU.Build.0 = Debug|Any CPU
		{73F0710E-4C97-4464-A9A2-63C1BD188A7F}.Release|Any CPU.ActiveCfg = Release|Any CPU
		{73F0710E-4C97-4464-A9A2-63C1BD188A7F}.Release|Any CPU.Build.0 = Release|Any CPU
		{3495FBA2-556C-4A74-8FAF-AD3DE60C8C47}.Debug|Any CPU.ActiveCfg = Debug
		{3495FBA2-556C-4A74-8FAF-AD3DE60C8C47}.Release|Any CPU.ActiveCfg = Release
		{067456C0-086C-46A8-B37F-1405717B7BFC}.Debug|Any CPU.ActiveCfg = Debug|Any CPU
		{067456C0-086C-46A8-B37F-1405717B7BFC}.Debug|Any CPU.Build.0 = Debug|Any CPU
		{067456C0-086C-46A8-B37F-1405717B7BFC}.Release|Any CPU.ActiveCfg = Release|Any CPU
		{067456C0-086C-46A8-B37F-1405717B7BFC}.Release|Any CPU.Build.0 = Release|Any CPU
	EndGlobalSection
	GlobalSection(SolutionProperties) = preSolution
		HideSolutionNode = FALSE
	EndGlobalSection
	GlobalSection(ExtensibilityGlobals) = postSolution
		SolutionGuid = {CF9882BE-4326-4293-A910-7E1A2F68CBE3}
	EndGlobalSection
EndGlobal
